Microsoft Visual Studio Solution File, Format Version 11.00
# Visual Studio 2010
Project("{B29708FC-F2B3-55BA-25F0-0C0B2106E3F8}") = "osccalibrator", "osccalibrator.vcxproj", "{6665F89D-626B-CDF2-A220-A6A30C5F9115}"
EndProject
Global
	GlobalSection(SolutionConfigurationPlatforms) = preSolution
		Debug|Win32 = Debug|Win32
		Release|Win32 = Release|Win32
	EndGlobalSection
	GlobalSection(ProjectConfigurationPlatforms) = postSolution
		{6665F89D-626B-CDF2-A220-A6A30C5F9115}.Debug|Win32.ActiveCfg = Debug|Win32
		{6665F89D-626B-CDF2-A220-A6A30C5F9115}.Debug|Win32.Build.0 = Debug|Win32
		{6665F89D-626B-CDF2-A220-A6A30C5F9115}.Release|Win32.ActiveCfg = Release|Win32
		{6665F89D-626B-CDF2-A220-A6A30C5F9115}.Release|Win32.Build.0 = Release|Win32
	EndGlobalSection
	GlobalSection(SolutionProperties) = preSolution
		HideSolutionNode = FALSE
	EndGlobalSection
EndGlobal
